{
  "version": 4,
  "terraform_version": "1.3.6",
  "serial": 1,
  "lineage": "49e84cfc-4932-b7ef-07e8-ea61a0e5b93f",
  "outputs": {},
  "resources": [
    {
      "mode": "managed",
      "type": "github_repository",
      "name": "academy_module",
      "provider": "provider[\"registry.terraform.io/integrations/github\"]",
      "instances": [
        {
          "schema_version": 1,
          "attributes": {
            "allow_auto_merge": false,
            "allow_merge_commit": true,
            "allow_rebase_merge": true,
            "allow_squash_merge": true,
            "allow_update_branch": false,
            "archive_on_destroy": null,
            "archived": false,
            "auto_init": null,
            "default_branch": "main",
            "delete_branch_on_merge": false,
            "description": "Module for the Private Registry",
            "etag": "W/\"de6b7ddff8c0708714c4b89d7777221eb20465a49fdda492bf3dcc2987de34c7\"",
            "full_name": "codetubes/terraform-aws-acdmy-webapp",
            "git_clone_url": "git://github.com/codetubes/terraform-aws-acdmy-webapp.git",
            "gitignore_template": null,
            "has_discussions": false,
            "has_downloads": false,
            "has_issues": false,
            "has_projects": false,
            "has_wiki": false,
            "homepage_url": "",
            "html_url": "https://github.com/codetubes/terraform-aws-acdmy-webapp",
            "http_clone_url": "https://github.com/codetubes/terraform-aws-acdmy-webapp.git",
            "id": "terraform-aws-acdmy-webapp",
            "ignore_vulnerability_alerts_during_read": null,
            "is_template": false,
            "license_template": null,
            "merge_commit_message": "PR_TITLE",
            "merge_commit_title": "MERGE_MESSAGE",
            "name": "terraform-aws-acdmy-webapp",
            "node_id": "R_kgDOJWBaiA",
            "pages": [],
            "private": false,
            "repo_id": 627071624,
            "security_and_analysis": [
              {
                "advanced_security": [],
                "secret_scanning": [
                  {
                    "status": "disabled"
                  }
                ],
                "secret_scanning_push_protection": [
                  {
                    "status": "disabled"
                  }
                ]
              }
            ],
            "squash_merge_commit_message": "COMMIT_MESSAGES",
            "squash_merge_commit_title": "COMMIT_OR_PR_TITLE",
            "ssh_clone_url": "git@github.com:codetubes/terraform-aws-acdmy-webapp.git",
            "svn_url": "https://github.com/codetubes/terraform-aws-acdmy-webapp",
            "template": [],
            "topics": null,
            "visibility": "public",
            "vulnerability_alerts": false
          },
          "sensitive_attributes": [],
          "private": "eyJzY2hlbWFfdmVyc2lvbiI6IjEifQ=="
        }
      ]
    }
  ],
  "check_results": null
}
